PODS:
  - Alamofire (5.5.0)
  - Kingfisher (6.3.1)
  - SwiftLint (0.45.1)

DEPENDENCIES:
  - Alamofire (~> 5.4)
  - Kingfisher (~> 6.0)
  - SwiftLint

SPEC REPOS:
  trunk:
    - Alamofire
    - Kingfisher
    - SwiftLint

SPEC CHECKSUMS:
  Alamofire: 1c4fb5369c3fe93d2857c780d8bbe09f06f97e7c
  Kingfisher: 016c8b653a35add51dd34a3aba36b580041acc74
  SwiftLint: 06ac37e4d38c7068e0935bb30cda95f093bec761

PODFILE CHECKSUM: e042dccd9183a36bdb833412c76d416a857ddee7

COCOAPODS: 1.10.1
