// !$*UTF8*$!
{
	archiveVersion = 1;
	classes = {
	};
	objectVersion = 51;
	objects = {

/* Begin PBXBuildFile section */
		3E650F3C276F88C7005AF2F9 /* ApiCall.swift in Sources */ = {isa = PBXBuildFile; fileRef = 3E650F3B276F88C7005AF2F9 /* ApiCall.swift */; };
		3E650F3E276F8E10005AF2F9 /* Api-Info.plist in Resources */ = {isa = PBXBuildFile; fileRef = 3E650F3D276F8E10005AF2F9 /* Api-Info.plist */; };
		3E8F5A35276D546B00466F1A /* AppDelegate.swift in Sources */ = {isa = PBXBuildFile; fileRef = 3E8F5A34276D546B00466F1A /* AppDelegate.swift */; };
		3E8F5A37276D546B00466F1A /* SceneDelegate.swift in Sources */ = {isa = PBXBuildFile; fileRef = 3E8F5A36276D546B00466F1A /* SceneDelegate.swift */; };
		3E8F5A3E276D546C00466F1A /* Assets.xcassets in Resources */ = {isa = PBXBuildFile; fileRef = 3E8F5A3D276D546C00466F1A /* Assets.xcassets */; };
		3E8F5A41276D546C00466F1A /* LaunchScreen.storyboard in Resources */ = {isa = PBXBuildFile; fileRef = 3E8F5A3F276D546C00466F1A /* LaunchScreen.storyboard */; };
		3E8F5A4E276D5B3F00466F1A /* NewsViewController.swift in Sources */ = {isa = PBXBuildFile; fileRef = 3E8F5A4C276D5B3F00466F1A /* NewsViewController.swift */; };
		3E8F5A4F276D5B3F00466F1A /* NewsViewController.xib in Resources */ = {isa = PBXBuildFile; fileRef = 3E8F5A4D276D5B3F00466F1A /* NewsViewController.xib */; };
		3E8F5A52276D5C4200466F1A /* .swiftlint.yml in Resources */ = {isa = PBXBuildFile; fileRef = 3E8F5A51276D5C4200466F1A /* .swiftlint.yml */; };
		3E8F5A55276D5DC500466F1A /* NetworkService.swift in Sources */ = {isa = PBXBuildFile; fileRef = 3E8F5A54276D5DC500466F1A /* NetworkService.swift */; };
		3E8F5A57276D5EFA00466F1A /* News.swift in Sources */ = {isa = PBXBuildFile; fileRef = 3E8F5A56276D5EFA00466F1A /* News.swift */; };
		3E8F5A5A276D643D00466F1A /* Box.swift in Sources */ = {isa = PBXBuildFile; fileRef = 3E8F5A59276D643D00466F1A /* Box.swift */; };
		3E8F5A5D276D66F100466F1A /* ListTableViewCell.swift in Sources */ = {isa = PBXBuildFile; fileRef = 3E8F5A5B276D66F100466F1A /* ListTableViewCell.swift */; };
		3E8F5A5E276D66F100466F1A /* ListTableViewCell.xib in Resources */ = {isa = PBXBuildFile; fileRef = 3E8F5A5C276D66F100466F1A /* ListTableViewCell.xib */; };
		3EFC5FCF276D879000A8D4D2 /* Date+Ext.swift in Sources */ = {isa = PBXBuildFile; fileRef = 3EFC5FCE276D879000A8D4D2 /* Date+Ext.swift */; };
		3EFC5FD1276D879E00A8D4D2 /* String+Ext.swift in Sources */ = {isa = PBXBuildFile; fileRef = 3EFC5FD0276D879E00A8D4D2 /* String+Ext.swift */; };
		3EFC5FD3276D8AB100A8D4D2 /* NewsViewModel.swift in Sources */ = {isa = PBXBuildFile; fileRef = 3EFC5FD2276D8AB100A8D4D2 /* NewsViewModel.swift */; };
		3EFC5FDA276EAD2700A8D4D2 /* HeaderTableViewCell.swift in Sources */ = {isa = PBXBuildFile; fileRef = 3EFC5FD8276EAD2700A8D4D2 /* HeaderTableViewCell.swift */; };
		3EFC5FDB276EAD2700A8D4D2 /* HeaderTableViewCell.xib in Resources */ = {isa = PBXBuildFile; fileRef = 3EFC5FD9276EAD2700A8D4D2 /* HeaderTableViewCell.xib */; };
		6E049D33D918E1E8A138D35A /* Pods_NewsApp.framework in Frameworks */ = {isa = PBXBuildFile; fileRef = 28F14A52FEC47FCF9E15885A /* Pods_NewsApp.framework */; };
/* End PBXBuildFile section */

/* Begin PBXFileReference section */
		28F14A52FEC47FCF9E15885A /* Pods_NewsApp.framework */ = {isa = PBXFileReference; explicitFileType = wrapper.framework; includeInIndex = 0; path = Pods_NewsApp.framework; sourceTree = BUILT_PRODUCTS_DIR; };
		3E650F3B276F88C7005AF2F9 /* ApiCall.swift */ = {isa = PBXFileReference; lastKnownFileType = sourcecode.swift; path = ApiCall.swift; sourceTree = "<group>"; };
		3E650F3D276F8E10005AF2F9 /* Api-Info.plist */ = {isa = PBXFileReference; lastKnownFileType = text.plist.xml; path = "Api-Info.plist"; sourceTree = "<group>"; };
		3E8F5A31276D546B00466F1A /* NewsApp.app */ = {isa = PBXFileReference; explicitFileType = wrapper.application; includeInIndex = 0; path = NewsApp.app; sourceTree = BUILT_PRODUCTS_DIR; };
		3E8F5A34276D546B00466F1A /* AppDelegate.swift */ = {isa = PBXFileReference; lastKnownFileType = sourcecode.swift; path = AppDelegate.swift; sourceTree = "<group>"; };
		3E8F5A36276D546B00466F1A /* SceneDelegate.swift */ = {isa = PBXFileReference; lastKnownFileType = sourcecode.swift; path = SceneDelegate.swift; sourceTree = "<group>"; };
		3E8F5A3D276D546C00466F1A /* Assets.xcassets */ = {isa = PBXFileReference; lastKnownFileType = folder.assetcatalog; path = Assets.xcassets; sourceTree = "<group>"; };
		3E8F5A40276D546C00466F1A /* Base */ = {isa = PBXFileReference; lastKnownFileType = file.storyboard; name = Base; path = Base.lproj/LaunchScreen.storyboard; sourceTree = "<group>"; };
		3E8F5A42276D546C00466F1A /* Info.plist */ = {isa = PBXFileReference; lastKnownFileType = text.plist.xml; path = Info.plist; sourceTree = "<group>"; };
		3E8F5A4C276D5B3F00466F1A /* NewsViewController.swift */ = {isa = PBXFileReference; lastKnownFileType = sourcecode.swift; path = NewsViewController.swift; sourceTree = "<group>"; };
		3E8F5A4D276D5B3F00466F1A /* NewsViewController.xib */ = {isa = PBXFileReference; lastKnownFileType = file.xib; path = NewsViewController.xib; sourceTree = "<group>"; };
		3E8F5A51276D5C4200466F1A /* .swiftlint.yml */ = {isa = PBXFileReference; lastKnownFileType = text.yaml; path = .swiftlint.yml; sourceTree = "<group>"; };
		3E8F5A54276D5DC500466F1A /* NetworkService.swift */ = {isa = PBXFileReference; lastKnownFileType = sourcecode.swift; path = NetworkService.swift; sourceTree = "<group>"; };
		3E8F5A56276D5EFA00466F1A /* News.swift */ = {isa = PBXFileReference; lastKnownFileType = sourcecode.swift; path = News.swift; sourceTree = "<group>"; };
		3E8F5A59276D643D00466F1A /* Box.swift */ = {isa = PBXFileReference; lastKnownFileType = sourcecode.swift; path = Box.swift; sourceTree = "<group>"; };
		3E8F5A5B276D66F100466F1A /* ListTableViewCell.swift */ = {isa = PBXFileReference; lastKnownFileType = sourcecode.swift; path = ListTableViewCell.swift; sourceTree = "<group>"; };
		3E8F5A5C276D66F100466F1A /* ListTableViewCell.xib */ = {isa = PBXFileReference; lastKnownFileType = file.xib; path = ListTableViewCell.xib; sourceTree = "<group>"; };
		3EFC5FCE276D879000A8D4D2 /* Date+Ext.swift */ = {isa = PBXFileReference; lastKnownFileType = sourcecode.swift; path = "Date+Ext.swift"; sourceTree = "<group>"; };
		3EFC5FD0276D879E00A8D4D2 /* String+Ext.swift */ = {isa = PBXFileReference; lastKnownFileType = sourcecode.swift; path = "String+Ext.swift"; sourceTree = "<group>"; };
		3EFC5FD2276D8AB100A8D4D2 /* NewsViewModel.swift */ = {isa = PBXFileReference; lastKnownFileType = sourcecode.swift; path = NewsViewModel.swift; sourceTree = "<group>"; };
		3EFC5FD8276EAD2700A8D4D2 /* HeaderTableViewCell.swift */ = {isa = PBXFileReference; lastKnownFileType = sourcecode.swift; path = HeaderTableViewCell.swift; sourceTree = "<group>"; };
		3EFC5FD9276EAD2700A8D4D2 /* HeaderTableViewCell.xib */ = {isa = PBXFileReference; lastKnownFileType = file.xib; path = HeaderTableViewCell.xib; sourceTree = "<group>"; };
		92B46F7A310D0B381BB4A6BB /* Pods-NewsApp.debug.xcconfig */ = {isa = PBXFileReference; includeInIndex = 1; lastKnownFileType = text.xcconfig; name = "Pods-NewsApp.debug.xcconfig"; path = "Target Support Files/Pods-NewsApp/Pods-NewsApp.debug.xcconfig"; sourceTree = "<group>"; };
		C5A3AEC9E90471E4EEE7F7A3 /* Pods-NewsApp.release.xcconfig */ = {isa = PBXFileReference; includeInIndex = 1; lastKnownFileType = text.xcconfig; name = "Pods-NewsApp.release.xcconfig"; path = "Target Support Files/Pods-NewsApp/Pods-NewsApp.release.xcconfig"; sourceTree = "<group>"; };
/* End PBXFileReference section */

/* Begin PBXFrameworksBuildPhase section */
		3E8F5A2E276D546B00466F1A /* Frameworks */ = {
			isa = PBXFrameworksBuildPhase;
			buildActionMask = 2147483647;
			files = (
				6E049D33D918E1E8A138D35A /* Pods_NewsApp.framework in Frameworks */,
			);
			runOnlyForDeploymentPostprocessing = 0;
		};
/* End PBXFrameworksBuildPhase section */

/* Begin PBXGroup section */
		3E650F3A276F88BB005AF2F9 /* Network */ = {
			isa = PBXGroup;
			children = (
				3E650F3B276F88C7005AF2F9 /* ApiCall.swift */,
			);
			path = Network;
			sourceTree = "<group>";
		};
		3E8F5A28276D546B00466F1A = {
			isa = PBXGroup;
			children = (
				3E8F5A51276D5C4200466F1A /* .swiftlint.yml */,
				3E8F5A33276D546B00466F1A /* NewsApp */,
				3E8F5A32276D546B00466F1A /* Products */,
				8233E59363EE2E49937ADAE6 /* Pods */,
				6CDF8EEA9661C909A99E8E74 /* Frameworks */,
			);
			sourceTree = "<group>";
		};
		3E8F5A32276D546B00466F1A /* Products */ = {
			isa = PBXGroup;
			children = (
				3E8F5A31276D546B00466F1A /* NewsApp.app */,
			);
			name = Products;
			sourceTree = "<group>";
		};
		3E8F5A33276D546B00466F1A /* NewsApp */ = {
			isa = PBXGroup;
			children = (
				3E8F5A48276D59DA00466F1A /* App */,
				3E8F5A50276D5C0600466F1A /* Models */,
				3E8F5A53276D5DAB00466F1A /* Services */,
				3E8F5A49276D59EF00466F1A /* SupportingFiles */,
				3E8F5A58276D642C00466F1A /* Utilities */,
				3E8F5A4B276D5A8D00466F1A /* ViewModels */,
				3E8F5A4A276D5A8600466F1A /* Views */,
			);
			path = NewsApp;
			sourceTree = "<group>";
		};
		3E8F5A48276D59DA00466F1A /* App */ = {
			isa = PBXGroup;
			children = (
				3E8F5A34276D546B00466F1A /* AppDelegate.swift */,
				3E8F5A36276D546B00466F1A /* SceneDelegate.swift */,
			);
			path = App;
			sourceTree = "<group>";
		};
		3E8F5A49276D59EF00466F1A /* SupportingFiles */ = {
			isa = PBXGroup;
			children = (
				3E8F5A3D276D546C00466F1A /* Assets.xcassets */,
				3E8F5A3F276D546C00466F1A /* LaunchScreen.storyboard */,
				3E8F5A42276D546C00466F1A /* Info.plist */,
				3E650F3D276F8E10005AF2F9 /* Api-Info.plist */,
			);
			path = SupportingFiles;
			sourceTree = "<group>";
		};
		3E8F5A4A276D5A8600466F1A /* Views */ = {
			isa = PBXGroup;
			children = (
				3E8F5A4C276D5B3F00466F1A /* NewsViewController.swift */,
				3E8F5A4D276D5B3F00466F1A /* NewsViewController.xib */,
				3E8F5A5B276D66F100466F1A /* ListTableViewCell.swift */,
				3E8F5A5C276D66F100466F1A /* ListTableViewCell.xib */,
				3EFC5FD8276EAD2700A8D4D2 /* HeaderTableViewCell.swift */,
				3EFC5FD9276EAD2700A8D4D2 /* HeaderTableViewCell.xib */,
			);
			path = Views;
			sourceTree = "<group>";
		};
		3E8F5A4B276D5A8D00466F1A /* ViewModels */ = {
			isa = PBXGroup;
			children = (
				3EFC5FD2276D8AB100A8D4D2 /* NewsViewModel.swift */,
			);
			path = ViewModels;
			sourceTree = "<group>";
		};
		3E8F5A50276D5C0600466F1A /* Models */ = {
			isa = PBXGroup;
			children = (
				3E8F5A56276D5EFA00466F1A /* News.swift */,
			);
			path = Models;
			sourceTree = "<group>";
		};
		3E8F5A53276D5DAB00466F1A /* Services */ = {
			isa = PBXGroup;
			children = (
				3E8F5A54276D5DC500466F1A /* NetworkService.swift */,
			);
			path = Services;
			sourceTree = "<group>";
		};
		3E8F5A58276D642C00466F1A /* Utilities */ = {
			isa = PBXGroup;
			children = (
				3E8F5A59276D643D00466F1A /* Box.swift */,
				3EFC5FCD276D878200A8D4D2 /* Extensions */,
				3E650F3A276F88BB005AF2F9 /* Network */,
			);
			path = Utilities;
			sourceTree = "<group>";
		};
		3EFC5FCD276D878200A8D4D2 /* Extensions */ = {
			isa = PBXGroup;
			children = (
				3EFC5FCE276D879000A8D4D2 /* Date+Ext.swift */,
				3EFC5FD0276D879E00A8D4D2 /* String+Ext.swift */,
			);
			path = Extensions;
			sourceTree = "<group>";
		};
		6CDF8EEA9661C909A99E8E74 /* Frameworks */ = {
			isa = PBXGroup;
			children = (
				28F14A52FEC47FCF9E15885A /* Pods_NewsApp.framework */,
			);
			name = Frameworks;
			sourceTree = "<group>";
		};
		8233E59363EE2E49937ADAE6 /* Pods */ = {
			isa = PBXGroup;
			children = (
				92B46F7A310D0B381BB4A6BB /* Pods-NewsApp.debug.xcconfig */,
				C5A3AEC9E90471E4EEE7F7A3 /* Pods-NewsApp.release.xcconfig */,
			);
			path = Pods;
			sourceTree = "<group>";
		};
/* End PBXGroup section */

/* Begin PBXNativeTarget section */
		3E8F5A30276D546B00466F1A /* NewsApp */ = {
			isa = PBXNativeTarget;
			buildConfigurationList = 3E8F5A45276D546C00466F1A /* Build configuration list for PBXNativeTarget "NewsApp" */;
			buildPhases = (
				89AF3300EDF13687D459ACED /* [CP] Check Pods Manifest.lock */,
				3E8F5A2D276D546B00466F1A /* Sources */,
				3E8F5A2E276D546B00466F1A /* Frameworks */,
				3E8F5A2F276D546B00466F1A /* Resources */,
				2EB71C8E02DF153E1448B3A3 /* [CP] Embed Pods Frameworks */,
			);
			buildRules = (
			);
			dependencies = (
			);
			name = NewsApp;
			productName = NewsApp;
			productReference = 3E8F5A31276D546B00466F1A /* NewsApp.app */;
			productType = "com.apple.product-type.application";
		};
/* End PBXNativeTarget section */

/* Begin PBXProject section */
		3E8F5A29276D546B00466F1A /* Project object */ = {
			isa = PBXProject;
			attributes = {
				LastSwiftUpdateCheck = 1250;
				LastUpgradeCheck = 1250;
				TargetAttributes = {
					3E8F5A30276D546B00466F1A = {
						CreatedOnToolsVersion = 12.5;
					};
				};
			};
			buildConfigurationList = 3E8F5A2C276D546B00466F1A /* Build configuration list for PBXProject "NewsApp" */;
			compatibilityVersion = "Xcode 9.3";
			developmentRegion = en;
			hasScannedForEncodings = 0;
			knownRegions = (
				en,
				Base,
			);
			mainGroup = 3E8F5A28276D546B00466F1A;
			productRefGroup = 3E8F5A32276D546B00466F1A /* Products */;
			projectDirPath = "";
			projectRoot = "";
			targets = (
				3E8F5A30276D546B00466F1A /* NewsApp */,
			);
		};
/* End PBXProject section */

/* Begin PBXResourcesBuildPhase section */
		3E8F5A2F276D546B00466F1A /* Resources */ = {
			isa = PBXResourcesBuildPhase;
			buildActionMask = 2147483647;
			files = (
				3E650F3E276F8E10005AF2F9 /* Api-Info.plist in Resources */,
				3E8F5A52276D5C4200466F1A /* .swiftlint.yml in Resources */,
				3E8F5A41276D546C00466F1A /* LaunchScreen.storyboard in Resources */,
				3E8F5A3E276D546C00466F1A /* Assets.xcassets in Resources */,
				3E8F5A4F276D5B3F00466F1A /* NewsViewController.xib in Resources */,
				3EFC5FDB276EAD2700A8D4D2 /* HeaderTableViewCell.xib in Resources */,
				3E8F5A5E276D66F100466F1A /* ListTableViewCell.xib in Resources */,
			);
			runOnlyForDeploymentPostprocessing = 0;
		};
/* End PBXResourcesBuildPhase section */

/* Begin PBXShellScriptBuildPhase section */
		2EB71C8E02DF153E1448B3A3 /* [CP] Embed Pods Frameworks */ = {
			isa = PBXShellScriptBuildPhase;
			buildActionMask = 2147483647;
			files = (
			);
			inputFileListPaths = (
				"${PODS_ROOT}/Target Support Files/Pods-NewsApp/Pods-NewsApp-frameworks-${CONFIGURATION}-input-files.xcfilelist",
			);
			name = "[CP] Embed Pods Frameworks";
			outputFileListPaths = (
				"${PODS_ROOT}/Target Support Files/Pods-NewsApp/Pods-NewsApp-frameworks-${CONFIGURATION}-output-files.xcfilelist",
			);
			runOnlyForDeploymentPostprocessing = 0;
			shellPath = /bin/sh;
			shellScript = "\"${PODS_ROOT}/Target Support Files/Pods-NewsApp/Pods-NewsApp-frameworks.sh\"\n";
			showEnvVarsInLog = 0;
		};
		89AF3300EDF13687D459ACED /* [CP] Check Pods Manifest.lock */ = {
			isa = PBXShellScriptBuildPhase;
			buildActionMask = 2147483647;
			files = (
			);
			inputFileListPaths = (
			);
			inputPaths = (
				"${PODS_PODFILE_DIR_PATH}/Podfile.lock",
				"${PODS_ROOT}/Manifest.lock",
			);
			name = "[CP] Check Pods Manifest.lock";
			outputFileListPaths = (
			);
			outputPaths = (
				"$(DERIVED_FILE_DIR)/Pods-NewsApp-checkManifestLockResult.txt",
			);
			runOnlyForDeploymentPostprocessing = 0;
			shellPath = /bin/sh;
			shellScript = "diff \"${PODS_PODFILE_DIR_PATH}/Podfile.lock\" \"${PODS_ROOT}/Manifest.lock\" > /dev/null\nif [ $? != 0 ] ; then\n    # print error to STDERR\n    echo \"error: The sandbox is not in sync with the Podfile.lock. Run 'pod install' or update your CocoaPods installation.\" >&2\n    exit 1\nfi\n# This output is used by Xcode 'outputs' to avoid re-running this script phase.\necho \"SUCCESS\" > \"${SCRIPT_OUTPUT_FILE_0}\"\n";
			showEnvVarsInLog = 0;
		};
/* End PBXShellScriptBuildPhase section */

/* Begin PBXSourcesBuildPhase section */
		3E8F5A2D276D546B00466F1A /* Sources */ = {
			isa = PBXSourcesBuildPhase;
			buildActionMask = 2147483647;
			files = (
				3EFC5FD1276D879E00A8D4D2 /* String+Ext.swift in Sources */,
				3E8F5A5D276D66F100466F1A /* ListTableViewCell.swift in Sources */,
				3E8F5A4E276D5B3F00466F1A /* NewsViewController.swift in Sources */,
				3E8F5A35276D546B00466F1A /* AppDelegate.swift in Sources */,
				3EFC5FCF276D879000A8D4D2 /* Date+Ext.swift in Sources */,
				3EFC5FDA276EAD2700A8D4D2 /* HeaderTableViewCell.swift in Sources */,
				3E8F5A55276D5DC500466F1A /* NetworkService.swift in Sources */,
				3E8F5A5A276D643D00466F1A /* Box.swift in Sources */,
				3EFC5FD3276D8AB100A8D4D2 /* NewsViewModel.swift in Sources */,
				3E8F5A57276D5EFA00466F1A /* News.swift in Sources */,
				3E650F3C276F88C7005AF2F9 /* ApiCall.swift in Sources */,
				3E8F5A37276D546B00466F1A /* SceneDelegate.swift in Sources */,
			);
			runOnlyForDeploymentPostprocessing = 0;
		};
/* End PBXSourcesBuildPhase section */

/* Begin PBXVariantGroup section */
		3E8F5A3F276D546C00466F1A /* LaunchScreen.storyboard */ = {
			isa = PBXVariantGroup;
			children = (
				3E8F5A40276D546C00466F1A /* Base */,
			);
			name = LaunchScreen.storyboard;
			sourceTree = "<group>";
		};
/* End PBXVariantGroup section */

/* Begin XCBuildConfiguration section */
		3E8F5A43276D546C00466F1A /* Debug */ = {
			isa = XCBuildConfiguration;
			buildSettings = {
				ALWAYS_SEARCH_USER_PATHS = NO;
				CLANG_ANALYZER_NONNULL = YES;
				CLANG_ANALYZER_NUMBER_OBJECT_CONVERSION = YES_AGGRESSIVE;
				CLANG_CXX_LANGUAGE_STANDARD = "gnu++14";
				CLANG_CXX_LIBRARY = "libc++";
				CLANG_ENABLE_MODULES = YES;
				CLANG_ENABLE_OBJC_ARC = YES;
				CLANG_ENABLE_OBJC_WEAK = YES;
				CLANG_WARN_BLOCK_CAPTURE_AUTORELEASING = YES;
				CLANG_WARN_BOOL_CONVERSION = YES;
				CLANG_WARN_COMMA = YES;
				CLANG_WARN_CONSTANT_CONVERSION = YES;
				CLANG_WARN_DEPRECATED_OBJC_IMPLEMENTATIONS = YES;
				CLANG_WARN_DIRECT_OBJC_ISA_USAGE = YES_ERROR;
				CLANG_WARN_DOCUMENTATION_COMMENTS = YES;
				CLANG_WARN_EMPTY_BODY = YES;
				CLANG_WARN_ENUM_CONVERSION = YES;
				CLANG_WARN_INFINITE_RECURSION = YES;
				CLANG_WARN_INT_CONVERSION = YES;
				CLANG_WARN_NON_LITERAL_NULL_CONVERSION = YES;
				CLANG_WARN_OBJC_IMPLICIT_RETAIN_SELF = YES;
				CLANG_WARN_OBJC_LITERAL_CONVERSION = YES;
				CLANG_WARN_OBJC_ROOT_CLASS = YES_ERROR;
				CLANG_WARN_QUOTED_INCLUDE_IN_FRAMEWORK_HEADER = YES;
				CLANG_WARN_RANGE_LOOP_ANALYSIS = YES;
				CLANG_WARN_STRICT_PROTOTYPES = YES;
				CLANG_WARN_SUSPICIOUS_MOVE = YES;
				CLANG_WARN_UNGUARDED_AVAILABILITY = YES_AGGRESSIVE;
				CLANG_WARN_UNREACHABLE_CODE = YES;
				CLANG_WARN__DUPLICATE_METHOD_MATCH = YES;
				COPY_PHASE_STRIP = NO;
				DEBUG_INFORMATION_FORMAT = dwarf;
				ENABLE_STRICT_OBJC_MSGSEND = YES;
				ENABLE_TESTABILITY = YES;
				GCC_C_LANGUAGE_STANDARD = gnu11;
				GCC_DYNAMIC_NO_PIC = NO;
				GCC_NO_COMMON_BLOCKS = YES;
				GCC_OPTIMIZATION_LEVEL = 0;
				GCC_PREPROCESSOR_DEFINITIONS = (
					"DEBUG=1",
					"$(inherited)",
				);
				GCC_WARN_64_TO_32_BIT_CONVERSION = YES;
				GCC_WARN_ABOUT_RETURN_TYPE = YES_ERROR;
				GCC_WARN_UNDECLARED_SELECTOR = YES;
				GCC_WARN_UNINITIALIZED_AUTOS = YES_AGGRESSIVE;
				GCC_WARN_UNUSED_FUNCTION = YES;
				GCC_WARN_UNUSED_VARIABLE = YES;
				IPHONEOS_DEPLOYMENT_TARGET = 14.5;
				MTL_ENABLE_DEBUG_INFO = INCLUDE_SOURCE;
				MTL_FAST_MATH = YES;
				ONLY_ACTIVE_ARCH = YES;
				SDKROOT = iphoneos;
				SWIFT_ACTIVE_COMPILATION_CONDITIONS = DEBUG;
				SWIFT_OPTIMIZATION_LEVEL = "-Onone";
			};
			name = Debug;
		};
		3E8F5A44276D546C00466F1A /* Release */ = {
			isa = XCBuildConfiguration;
			buildSettings = {
				ALWAYS_SEARCH_USER_PATHS = NO;
				CLANG_ANALYZER_NONNULL = YES;
				CLANG_ANALYZER_NUMBER_OBJECT_CONVERSION = YES_AGGRESSIVE;
				CLANG_CXX_LANGUAGE_STANDARD = "gnu++14";
				CLANG_CXX_LIBRARY = "libc++";
				CLANG_ENABLE_MODULES = YES;
				CLANG_ENABLE_OBJC_ARC = YES;
				CLANG_ENABLE_OBJC_WEAK = YES;
				CLANG_WARN_BLOCK_CAPTURE_AUTORELEASING = YES;
				CLANG_WARN_BOOL_CONVERSION = YES;
				CLANG_WARN_COMMA = YES;
				CLANG_WARN_CONSTANT_CONVERSION = YES;
				CLANG_WARN_DEPRECATED_OBJC_IMPLEMENTATIONS = YES;
				CLANG_WARN_DIRECT_OBJC_ISA_USAGE = YES_ERROR;
				CLANG_WARN_DOCUMENTATION_COMMENTS = YES;
				CLANG_WARN_EMPTY_BODY = YES;
				CLANG_WARN_ENUM_CONVERSION = YES;
				CLANG_WARN_INFINITE_RECURSION = YES;
				CLANG_WARN_INT_CONVERSION = YES;
				CLANG_WARN_NON_LITERAL_NULL_CONVERSION = YES;
				CLANG_WARN_OBJC_IMPLICIT_RETAIN_SELF = YES;
				CLANG_WARN_OBJC_LITERAL_CONVERSION = YES;
				CLANG_WARN_OBJC_ROOT_CLASS = YES_ERROR;
				CLANG_WARN_QUOTED_INCLUDE_IN_FRAMEWORK_HEADER = YES;
				CLANG_WARN_RANGE_LOOP_ANALYSIS = YES;
				CLANG_WARN_STRICT_PROTOTYPES = YES;
				CLANG_WARN_SUSPICIOUS_MOVE = YES;
				CLANG_WARN_UNGUARDED_AVAILABILITY = YES_AGGRESSIVE;
				CLANG_WARN_UNREACHABLE_CODE = YES;
				CLANG_WARN__DUPLICATE_METHOD_MATCH = YES;
				COPY_PHASE_STRIP = NO;
				DEBUG_INFORMATION_FORMAT = "dwarf-with-dsym";
				ENABLE_NS_ASSERTIONS = NO;
				ENABLE_STRICT_OBJC_MSGSEND = YES;
				GCC_C_LANGUAGE_STANDARD = gnu11;
				GCC_NO_COMMON_BLOCKS = YES;
				GCC_WARN_64_TO_32_BIT_CONVERSION = YES;
				GCC_WARN_ABOUT_RETURN_TYPE = YES_ERROR;
				GCC_WARN_UNDECLARED_SELECTOR = YES;
				GCC_WARN_UNINITIALIZED_AUTOS = YES_AGGRESSIVE;
				GCC_WARN_UNUSED_FUNCTION = YES;
				GCC_WARN_UNUSED_VARIABLE = YES;
				IPHONEOS_DEPLOYMENT_TARGET = 14.5;
				MTL_ENABLE_DEBUG_INFO = NO;
				MTL_FAST_MATH = YES;
				SDKROOT = iphoneos;
				SWIFT_COMPILATION_MODE = wholemodule;
				SWIFT_OPTIMIZATION_LEVEL = "-O";
				VALIDATE_PRODUCT = YES;
			};
			name = Release;
		};
		3E8F5A46276D546C00466F1A /* Debug */ = {
			isa = XCBuildConfiguration;
			baseConfigurationReference = 92B46F7A310D0B381BB4A6BB /* Pods-NewsApp.debug.xcconfig */;
			buildSettings = {
				ASSETCATALOG_COMPILER_APPICON_NAME = AppIcon;
				ASSETCATALOG_COMPILER_GLOBAL_ACCENT_COLOR_NAME = AccentColor;
				CODE_SIGN_STYLE = Automatic;
				DEVELOPMENT_TEAM = 94XJVN3C32;
				INFOPLIST_FILE = NewsApp/SupportingFiles/Info.plist;
				LD_RUNPATH_SEARCH_PATHS = (
					"$(inherited)",
					"@executable_path/Frameworks",
				);
				PRODUCT_BUNDLE_IDENTIFIER = com.wahidhidayat.NewsApp;
				PRODUCT_NAME = "$(TARGET_NAME)";
				SWIFT_VERSION = 5.0;
				TARGETED_DEVICE_FAMILY = "1,2";
			};
			name = Debug;
		};
		3E8F5A47276D546C00466F1A /* Release */ = {
			isa = XCBuildConfiguration;
			baseConfigurationReference = C5A3AEC9E90471E4EEE7F7A3 /* Pods-NewsApp.release.xcconfig */;
			buildSettings = {
				ASSETCATALOG_COMPILER_APPICON_NAME = AppIcon;
				ASSETCATALOG_COMPILER_GLOBAL_ACCENT_COLOR_NAME = AccentColor;
				CODE_SIGN_STYLE = Automatic;
				DEVELOPMENT_TEAM = 94XJVN3C32;
				INFOPLIST_FILE = NewsApp/SupportingFiles/Info.plist;
				LD_RUNPATH_SEARCH_PATHS = (
					"$(inherited)",
					"@executable_path/Frameworks",
				);
				PRODUCT_BUNDLE_IDENTIFIER = com.wahidhidayat.NewsApp;
				PRODUCT_NAME = "$(TARGET_NAME)";
				SWIFT_VERSION = 5.0;
				TARGETED_DEVICE_FAMILY = "1,2";
			};
			name = Release;
		};
/* End XCBuildConfiguration section */

/* Begin XCConfigurationList section */
		3E8F5A2C276D546B00466F1A /* Build configuration list for PBXProject "NewsApp" */ = {
			isa = XCConfigurationList;
			buildConfigurations = (
				3E8F5A43276D546C00466F1A /* Debug */,
				3E8F5A44276D546C00466F1A /* Release */,
			);
			defaultConfigurationIsVisible = 0;
			defaultConfigurationName = Release;
		};
		3E8F5A45276D546C00466F1A /* Build configuration list for PBXNativeTarget "NewsApp" */ = {
			isa = XCConfigurationList;
			buildConfigurations = (
				3E8F5A46276D546C00466F1A /* Debug */,
				3E8F5A47276D546C00466F1A /* Release */,
			);
			defaultConfigurationIsVisible = 0;
			defaultConfigurationName = Release;
		};
/* End XCConfigurationList section */
	};
	rootObject = 3E8F5A29276D546B00466F1A /* Project object */;
}
